// !$*UTF8*$!
{
	archiveVersion = 1;
	classes = {
	};
	objectVersion = 48;
	objects = {

/* Begin PBXBuildFile section */
		0E63C48CF1CC56F5EF7E11B9 /* Pods_Griffin.framework in Frameworks */ = {isa = PBXBuildFile; fileRef = B8D54C86F7BEC2A53D99EFC6 /* Pods_Griffin.framework */; };
		3A0AC10A1FD523BB003EDECB /* AppDelegate.swift in Sources */ = {isa = PBXBuildFile; fileRef = 3A0AC1091FD523BB003EDECB /* AppDelegate.swift */; };
		3A0AC10C1FD523BB003EDECB /* ViewController.swift in Sources */ = {isa = PBXBuildFile; fileRef = 3A0AC10B1FD523BB003EDECB /* ViewController.swift */; };
		3A0AC10F1FD523BB003EDECB /* Main.storyboard in Resources */ = {isa = PBXBuildFile; fileRef = 3A0AC10D1FD523BB003EDECB /* Main.storyboard */; };
		3A0AC1111FD523BB003EDECB /* Assets.xcassets in Resources */ = {isa = PBXBuildFile; fileRef = 3A0AC1101FD523BB003EDECB /* Assets.xcassets */; };
		3A0AC1141FD523BB003EDECB /* LaunchScreen.storyboard in Resources */ = {isa = PBXBuildFile; fileRef = 3A0AC1121FD523BB003EDECB /* LaunchScreen.storyboard */; };
		3A7286A41FDA713B00773C7C /* index.js in Resources */ = {isa = PBXBuildFile; fileRef = 3A7286A31FDA713B00773C7C /* index.js */; };
		3A78FA951FF7911700BC6D26 /* GriffinTests.swift in Sources */ = {isa = PBXBuildFile; fileRef = 3A78FA941FF7911700BC6D26 /* GriffinTests.swift */; };
		3A7A995F2003179500C5E20C /* GriffinSDK.framework in Frameworks */ = {isa = PBXBuildFile; fileRef = 3A7A99602003179500C5E20C /* GriffinSDK.framework */; };
		3AE705D01FF38DC600748063 /* bundle.js in Resources */ = {isa = PBXBuildFile; fileRef = 3AE705CF1FF38DC600748063 /* bundle.js */; };
/* End PBXBuildFile section */

/* Begin PBXContainerItemProxy section */
		3A78FA971FF7911700BC6D26 /* PBXContainerItemProxy */ = {
			isa = PBXContainerItemProxy;
			containerPortal = 3A0AC0FE1FD523BB003EDECB /* Project object */;
			proxyType = 1;
			remoteGlobalIDString = 3A0AC1051FD523BB003EDECB;
			remoteInfo = Griffin;
		};
/* End PBXContainerItemProxy section */

/* Begin PBXCopyFilesBuildPhase section */
		3A0AC1241FD524DB003EDECB /* Embed Frameworks */ = {
			isa = PBXCopyFilesBuildPhase;
			buildActionMask = 2147483647;
			dstPath = "";
			dstSubfolderSpec = 10;
			files = (
			);
			name = "Embed Frameworks";
			runOnlyForDeploymentPostprocessing = 0;
		};
/* End PBXCopyFilesBuildPhase section */

/* Begin PBXFileReference section */
		3A0AC1061FD523BB003EDECB /* Griffin.app */ = {isa = PBXFileReference; explicitFileType = wrapper.application; includeInIndex = 0; path = Griffin.app; sourceTree = BUILT_PRODUCTS_DIR; };
		3A0AC1091FD523BB003EDECB /* AppDelegate.swift */ = {isa = PBXFileReference; lastKnownFileType = sourcecode.swift; path = AppDelegate.swift; sourceTree = "<group>"; };
		3A0AC10B1FD523BB003EDECB /* ViewController.swift */ = {isa = PBXFileReference; lastKnownFileType = sourcecode.swift; path = ViewController.swift; sourceTree = "<group>"; };
		3A0AC10E1FD523BB003EDECB /* Base */ = {isa = PBXFileReference; lastKnownFileType = file.storyboard; name = Base; path = Base.lproj/Main.storyboard; sourceTree = "<group>"; };
		3A0AC1101FD523BB003EDECB /* Assets.xcassets */ = {isa = PBXFileReference; lastKnownFileType = folder.assetcatalog; path = Assets.xcassets; sourceTree = "<group>"; };
		3A0AC1131FD523BB003EDECB /* Base */ = {isa = PBXFileReference; lastKnownFileType = file.storyboard; name = Base; path = Base.lproj/LaunchScreen.storyboard; sourceTree = "<group>"; };
		3A0AC1151FD523BB003EDECB /* Info.plist */ = {isa = PBXFileReference; lastKnownFileType = text.plist.xml; path = Info.plist; sourceTree = "<group>"; };
		3A7286A31FDA713B00773C7C /* index.js */ = {isa = PBXFileReference; lastKnownFileType = sourcecode.javascript; path = index.js; sourceTree = "<group>"; };
		3A78FA921FF7911700BC6D26 /* GriffinTests.xctest */ = {isa = PBXFileReference; explicitFileType = wrapper.cfbundle; includeInIndex = 0; path = GriffinTests.xctest; sourceTree = BUILT_PRODUCTS_DIR; };
		3A78FA941FF7911700BC6D26 /* GriffinTests.swift */ = {isa = PBXFileReference; lastKnownFileType = sourcecode.swift; path = GriffinTests.swift; sourceTree = "<group>"; };
		3A78FA961FF7911700BC6D26 /* Info.plist */ = {isa = PBXFileReference; lastKnownFileType = text.plist.xml; path = Info.plist; sourceTree = "<group>"; };
		3A7A99602003179500C5E20C /* GriffinSDK.framework */ = {isa = PBXFileReference; explicitFileType = wrapper.framework; path = GriffinSDK.framework; sourceTree = BUILT_PRODUCTS_DIR; };
		3AE705CF1FF38DC600748063 /* bundle.js */ = {isa = PBXFileReference; fileEncoding = 4; lastKnownFileType = sourcecode.javascript; path = bundle.js; sourceTree = "<group>"; };
		863DF30B77FC4DFBEF221F70 /* Pods-Griffin.release.xcconfig */ = {isa = PBXFileReference; includeInIndex = 1; lastKnownFileType = text.xcconfig; name = "Pods-Griffin.release.xcconfig"; path = "Pods/Target Support Files/Pods-Griffin/Pods-Griffin.release.xcconfig"; sourceTree = "<group>"; };
		88BEFB263BE86EEFC7948E15 /* Pods-Griffin.debug.xcconfig */ = {isa = PBXFileReference; includeInIndex = 1; lastKnownFileType = text.xcconfig; name = "Pods-Griffin.debug.xcconfig"; path = "Pods/Target Support Files/Pods-Griffin/Pods-Griffin.debug.xcconfig"; sourceTree = "<group>"; };
		B8D54C86F7BEC2A53D99EFC6 /* Pods_Griffin.framework */ = {isa = PBXFileReference; explicitFileType = wrapper.framework; includeInIndex = 0; path = Pods_Griffin.framework; sourceTree = BUILT_PRODUCTS_DIR; };
/* End PBXFileReference section */

/* Begin PBXFrameworksBuildPhase section */
		3A0AC1031FD523BB003EDECB /* Frameworks */ = {
			isa = PBXFrameworksBuildPhase;
			buildActionMask = 2147483647;
			files = (
				3A7A995F2003179500C5E20C /* GriffinSDK.framework in Frameworks */,
				0E63C48CF1CC56F5EF7E11B9 /* Pods_Griffin.framework in Frameworks */,
			);
			runOnlyForDeploymentPostprocessing = 0;
		};
		3A78FA8F1FF7911700BC6D26 /* Frameworks */ = {
			isa = PBXFrameworksBuildPhase;
			buildActionMask = 2147483647;
			files = (
			);
			runOnlyForDeploymentPostprocessing = 0;
		};
/* End PBXFrameworksBuildPhase section */

/* Begin PBXGroup section */
		196D1385772945AC5D82F1E8 /* Pods */ = {
			isa = PBXGroup;
			children = (
				88BEFB263BE86EEFC7948E15 /* Pods-Griffin.debug.xcconfig */,
				863DF30B77FC4DFBEF221F70 /* Pods-Griffin.release.xcconfig */,
			);
			name = Pods;
			sourceTree = "<group>";
		};
		3A0AC0FD1FD523BB003EDECB = {
			isa = PBXGroup;
			children = (
				3A0AC1081FD523BB003EDECB /* Griffin */,
				3A78FA931FF7911700BC6D26 /* GriffinTests */,
				3A0AC1071FD523BB003EDECB /* Products */,
				196D1385772945AC5D82F1E8 /* Pods */,
				5FBEF81460B6470D8F39D825 /* Frameworks */,
			);
			sourceTree = "<group>";
		};
		3A0AC1071FD523BB003EDECB /* Products */ = {
			isa = PBXGroup;
			children = (
				3A0AC1061FD523BB003EDECB /* Griffin.app */,
				3A78FA921FF7911700BC6D26 /* GriffinTests.xctest */,
			);
			name = Products;
			sourceTree = "<group>";
		};
		3A0AC1081FD523BB003EDECB /* Griffin */ = {
			isa = PBXGroup;
			children = (
				3AE705CF1FF38DC600748063 /* bundle.js */,
				3A7286A31FDA713B00773C7C /* index.js */,
				3A0AC1091FD523BB003EDECB /* AppDelegate.swift */,
				3A0AC10B1FD523BB003EDECB /* ViewController.swift */,
				3A0AC10D1FD523BB003EDECB /* Main.storyboard */,
				3A0AC1101FD523BB003EDECB /* Assets.xcassets */,
				3A0AC1121FD523BB003EDECB /* LaunchScreen.storyboard */,
				3A0AC1151FD523BB003EDECB /* Info.plist */,
			);
			path = Griffin;
			sourceTree = "<group>";
		};
		3A78FA931FF7911700BC6D26 /* GriffinTests */ = {
			isa = PBXGroup;
			children = (
				3A78FA941FF7911700BC6D26 /* GriffinTests.swift */,
				3A78FA961FF7911700BC6D26 /* Info.plist */,
			);
			path = GriffinTests;
			sourceTree = "<group>";
		};
		5FBEF81460B6470D8F39D825 /* Frameworks */ = {
			isa = PBXGroup;
			children = (
				3A7A99602003179500C5E20C /* GriffinSDK.framework */,
				B8D54C86F7BEC2A53D99EFC6 /* Pods_Griffin.framework */,
			);
			name = Frameworks;
			sourceTree = "<group>";
		};
/* End PBXGroup section */

/* Begin PBXNativeTarget section */
		3A0AC1051FD523BB003EDECB /* Griffin */ = {
			isa = PBXNativeTarget;
			buildConfigurationList = 3A0AC1181FD523BB003EDECB /* Build configuration list for PBXNativeTarget "Griffin" */;
			buildPhases = (
				AA0DFF3C7E65C08FCB92865B /* [CP] Check Pods Manifest.lock */,
				3A0AC1021FD523BB003EDECB /* Sources */,
				3A0AC1031FD523BB003EDECB /* Frameworks */,
				3A0AC1041FD523BB003EDECB /* Resources */,
				3A0AC1241FD524DB003EDECB /* Embed Frameworks */,
				9C4C72A213495D68379EF873 /* [CP] Embed Pods Frameworks */,
				490C17E235BC7D7EB3A7B693 /* [CP] Copy Pods Resources */,
			);
			buildRules = (
			);
			dependencies = (
			);
			name = Griffin;
			productName = Griffin;
			productReference = 3A0AC1061FD523BB003EDECB /* Griffin.app */;
			productType = "com.apple.product-type.application";
		};
		3A78FA911FF7911700BC6D26 /* GriffinTests */ = {
			isa = PBXNativeTarget;
			buildConfigurationList = 3A78FA9B1FF7911700BC6D26 /* Build configuration list for PBXNativeTarget "GriffinTests" */;
			buildPhases = (
				3A78FA8E1FF7911700BC6D26 /* Sources */,
				3A78FA8F1FF7911700BC6D26 /* Frameworks */,
				3A78FA901FF7911700BC6D26 /* Resources */,
			);
			buildRules = (
			);
			dependencies = (
				3A78FA981FF7911700BC6D26 /* PBXTargetDependency */,
			);
			name = GriffinTests;
			productName = GriffinTests;
			productReference = 3A78FA921FF7911700BC6D26 /* GriffinTests.xctest */;
			productType = "com.apple.product-type.bundle.unit-test";
		};
/* End PBXNativeTarget section */

/* Begin PBXProject section */
		3A0AC0FE1FD523BB003EDECB /* Project object */ = {
			isa = PBXProject;
			attributes = {
				LastSwiftUpdateCheck = 0920;
				LastUpgradeCheck = 0900;
				ORGANIZATIONNAME = "裴韬";
				TargetAttributes = {
					3A0AC1051FD523BB003EDECB = {
						CreatedOnToolsVersion = 9.0;
						ProvisioningStyle = Manual;
					};
					3A78FA911FF7911700BC6D26 = {
						CreatedOnToolsVersion = 9.2;
						ProvisioningStyle = Automatic;
						TestTargetID = 3A0AC1051FD523BB003EDECB;
					};
				};
			};
			buildConfigurationList = 3A0AC1011FD523BB003EDECB /* Build configuration list for PBXProject "Griffin" */;
			compatibilityVersion = "Xcode 8.0";
			developmentRegion = en;
			hasScannedForEncodings = 0;
			knownRegions = (
				en,
				Base,
			);
			mainGroup = 3A0AC0FD1FD523BB003EDECB;
			productRefGroup = 3A0AC1071FD523BB003EDECB /* Products */;
			projectDirPath = "";
			projectRoot = "";
			targets = (
				3A0AC1051FD523BB003EDECB /* Griffin */,
				3A78FA911FF7911700BC6D26 /* GriffinTests */,
			);
		};
/* End PBXProject section */

/* Begin PBXResourcesBuildPhase section */
		3A0AC1041FD523BB003EDECB /* Resources */ = {
			isa = PBXResourcesBuildPhase;
			buildActionMask = 2147483647;
			files = (
				3A0AC1141FD523BB003EDECB /* LaunchScreen.storyboard in Resources */,
				3A0AC1111FD523BB003EDECB /* Assets.xcassets in Resources */,
				3AE705D01FF38DC600748063 /* bundle.js in Resources */,
				3A0AC10F1FD523BB003EDECB /* Main.storyboard in Resources */,
				3A7286A41FDA713B00773C7C /* index.js in Resources */,
			);
			runOnlyForDeploymentPostprocessing = 0;
		};
		3A78FA901FF7911700BC6D26 /* Resources */ = {
			isa = PBXResourcesBuildPhase;
			buildActionMask = 2147483647;
			files = (
			);
			runOnlyForDeploymentPostprocessing = 0;
		};
/* End PBXResourcesBuildPhase section */

/* Begin PBXShellScriptBuildPhase section */
		490C17E235BC7D7EB3A7B693 /* [CP] Copy Pods Resources */ = {
			isa = PBXShellScriptBuildPhase;
			buildActionMask = 2147483647;
			files = (
			);
			inputPaths = (
			);
			name = "[CP] Copy Pods Resources";
			outputPaths = (
			);
			runOnlyForDeploymentPostprocessing = 0;
			shellPath = /bin/sh;
			shellScript = "\"${SRCROOT}/Pods/Target Support Files/Pods-Griffin/Pods-Griffin-resources.sh\"\n";
			showEnvVarsInLog = 0;
		};
		9C4C72A213495D68379EF873 /* [CP] Embed Pods Frameworks */ = {
			isa = PBXShellScriptBuildPhase;
			buildActionMask = 2147483647;
			files = (
			);
			inputPaths = (
			);
			name = "[CP] Embed Pods Frameworks";
			outputPaths = (
			);
			runOnlyForDeploymentPostprocessing = 0;
			shellPath = /bin/sh;
			shellScript = "\"${SRCROOT}/Pods/Target Support Files/Pods-Griffin/Pods-Griffin-frameworks.sh\"\n";
			showEnvVarsInLog = 0;
		};
		AA0DFF3C7E65C08FCB92865B /* [CP] Check Pods Manifest.lock */ = {
			isa = PBXShellScriptBuildPhase;
			buildActionMask = 2147483647;
			files = (
			);
			inputPaths = (
			);
			name = "[CP] Check Pods Manifest.lock";
			outputPaths = (
			);
			runOnlyForDeploymentPostprocessing = 0;
			shellPath = /bin/sh;
			shellScript = "diff \"${PODS_ROOT}/../Podfile.lock\" \"${PODS_ROOT}/Manifest.lock\" > /dev/null\nif [ $? != 0 ] ; then\n    # print error to STDERR\n    echo \"error: The sandbox is not in sync with the Podfile.lock. Run 'pod install' or update your CocoaPods installation.\" >&2\n    exit 1\nfi\n";
			showEnvVarsInLog = 0;
		};
/* End PBXShellScriptBuildPhase section */

/* Begin PBXSourcesBuildPhase section */
		3A0AC1021FD523BB003EDECB /* Sources */ = {
			isa = PBXSourcesBuildPhase;
			buildActionMask = 2147483647;
			files = (
				3A0AC10C1FD523BB003EDECB /* ViewController.swift in Sources */,
				3A0AC10A1FD523BB003EDECB /* AppDelegate.swift in Sources */,
			);
			runOnlyForDeploymentPostprocessing = 0;
		};
		3A78FA8E1FF7911700BC6D26 /* Sources */ = {
			isa = PBXSourcesBuildPhase;
			buildActionMask = 2147483647;
			files = (
				3A78FA951FF7911700BC6D26 /* GriffinTests.swift in Sources */,
			);
			runOnlyForDeploymentPostprocessing = 0;
		};
/* End PBXSourcesBuildPhase section */

/* Begin PBXTargetDependency section */
		3A78FA981FF7911700BC6D26 /* PBXTargetDependency */ = {
			isa = PBXTargetDependency;
			target = 3A0AC1051FD523BB003EDECB /* Griffin */;
			targetProxy = 3A78FA971FF7911700BC6D26 /* PBXContainerItemProxy */;
		};
/* End PBXTargetDependency section */

/* Begin PBXVariantGroup section */
		3A0AC10D1FD523BB003EDECB /* Main.storyboard */ = {
			isa = PBXVariantGroup;
			children = (
				3A0AC10E1FD523BB003EDECB /* Base */,
			);
			name = Main.storyboard;
			sourceTree = "<group>";
		};
		3A0AC1121FD523BB003EDECB /* LaunchScreen.storyboard */ = {
			isa = PBXVariantGroup;
			children = (
				3A0AC1131FD523BB003EDECB /* Base */,
			);
			name = LaunchScreen.storyboard;
			sourceTree = "<group>";
		};
/* End PBXVariantGroup section */

/* Begin XCBuildConfiguration section */
		3A0AC1161FD523BB003EDECB /* Debug */ = {
			isa = XCBuildConfiguration;
			buildSettings = {
				ALWAYS_SEARCH_USER_PATHS = NO;
				CLANG_ANALYZER_NONNULL = YES;
				CLANG_ANALYZER_NUMBER_OBJECT_CONVERSION = YES_AGGRESSIVE;
				CLANG_CXX_LANGUAGE_STANDARD = "gnu++14";
				CLANG_CXX_LIBRARY = "libc++";
				CLANG_ENABLE_MODULES = YES;
				CLANG_ENABLE_OBJC_ARC = YES;
				CLANG_WARN_BLOCK_CAPTURE_AUTORELEASING = YES;
				CLANG_WARN_BOOL_CONVERSION = YES;
				CLANG_WARN_COMMA = YES;
				CLANG_WARN_CONSTANT_CONVERSION = YES;
				CLANG_WARN_DIRECT_OBJC_ISA_USAGE = YES_ERROR;
				CLANG_WARN_DOCUMENTATION_COMMENTS = YES;
				CLANG_WARN_EMPTY_BODY = YES;
				CLANG_WARN_ENUM_CONVERSION = YES;
				CLANG_WARN_INFINITE_RECURSION = YES;
				CLANG_WARN_INT_CONVERSION = YES;
				CLANG_WARN_NON_LITERAL_NULL_CONVERSION = YES;
				CLANG_WARN_OBJC_LITERAL_CONVERSION = YES;
				CLANG_WARN_OBJC_ROOT_CLASS = YES_ERROR;
				CLANG_WARN_RANGE_LOOP_ANALYSIS = YES;
				CLANG_WARN_STRICT_PROTOTYPES = YES;
				CLANG_WARN_SUSPICIOUS_MOVE = YES;
				CLANG_WARN_UNGUARDED_AVAILABILITY = YES_AGGRESSIVE;
				CLANG_WARN_UNREACHABLE_CODE = YES;
				CLANG_WARN__DUPLICATE_METHOD_MATCH = YES;
				CODE_SIGN_IDENTITY = "iPhone Developer";
				COPY_PHASE_STRIP = NO;
				DEBUG_INFORMATION_FORMAT = dwarf;
				ENABLE_STRICT_OBJC_MSGSEND = YES;
				ENABLE_TESTABILITY = YES;
				GCC_C_LANGUAGE_STANDARD = gnu11;
				GCC_DYNAMIC_NO_PIC = NO;
				GCC_NO_COMMON_BLOCKS = YES;
				GCC_OPTIMIZATION_LEVEL = 0;
				GCC_PREPROCESSOR_DEFINITIONS = (
					"DEBUG=1",
					"$(inherited)",
				);
				GCC_WARN_64_TO_32_BIT_CONVERSION = YES;
				GCC_WARN_ABOUT_RETURN_TYPE = YES_ERROR;
				GCC_WARN_UNDECLARED_SELECTOR = YES;
				GCC_WARN_UNINITIALIZED_AUTOS = YES_AGGRESSIVE;
				GCC_WARN_UNUSED_FUNCTION = YES;
				GCC_WARN_UNUSED_VARIABLE = YES;
				IPHONEOS_DEPLOYMENT_TARGET = 11.0;
				MTL_ENABLE_DEBUG_INFO = YES;
				ONLY_ACTIVE_ARCH = YES;
				SDKROOT = iphoneos;
				SWIFT_ACTIVE_COMPILATION_CONDITIONS = DEBUG;
				SWIFT_OPTIMIZATION_LEVEL = "-Onone";
			};
			name = Debug;
		};
		3A0AC1171FD523BB003EDECB /* Release */ = {
			isa = XCBuildConfiguration;
			buildSettings = {
				ALWAYS_SEARCH_USER_PATHS = NO;
				CLANG_ANALYZER_NONNULL = YES;
				CLANG_ANALYZER_NUMBER_OBJECT_CONVERSION = YES_AGGRESSIVE;
				CLANG_CXX_LANGUAGE_STANDARD = "gnu++14";
				CLANG_CXX_LIBRARY = "libc++";
				CLANG_ENABLE_MODULES = YES;
				CLANG_ENABLE_OBJC_ARC = YES;
				CLANG_WARN_BLOCK_CAPTURE_AUTORELEASING = YES;
				CLANG_WARN_BOOL_CONVERSION = YES;
				CLANG_WARN_COMMA = YES;
				CLANG_WARN_CONSTANT_CONVERSION = YES;
				CLANG_WARN_DIRECT_OBJC_ISA_USAGE = YES_ERROR;
				CLANG_WARN_DOCUMENTATION_COMMENTS = YES;
				CLANG_WARN_EMPTY_BODY = YES;
				CLANG_WARN_ENUM_CONVERSION = YES;
				CLANG_WARN_INFINITE_RECURSION = YES;
				CLANG_WARN_INT_CONVERSION = YES;
				CLANG_WARN_NON_LITERAL_NULL_CONVERSION = YES;
				CLANG_WARN_OBJC_LITERAL_CONVERSION = YES;
				CLANG_WARN_OBJC_ROOT_CLASS = YES_ERROR;
				CLANG_WARN_RANGE_LOOP_ANALYSIS = YES;
				CLANG_WARN_STRICT_PROTOTYPES = YES;
				CLANG_WARN_SUSPICIOUS_MOVE = YES;
				CLANG_WARN_UNGUARDED_AVAILABILITY = YES_AGGRESSIVE;
				CLANG_WARN_UNREACHABLE_CODE = YES;
				CLANG_WARN__DUPLICATE_METHOD_MATCH = YES;
				CODE_SIGN_IDENTITY = "iPhone Developer";
				COPY_PHASE_STRIP = NO;
				DEBUG_INFORMATION_FORMAT = "dwarf-with-dsym";
				ENABLE_NS_ASSERTIONS = NO;
				ENABLE_STRICT_OBJC_MSGSEND = YES;
				GCC_C_LANGUAGE_STANDARD = gnu11;
				GCC_NO_COMMON_BLOCKS = YES;
				GCC_WARN_64_TO_32_BIT_CONVERSION = YES;
				GCC_WARN_ABOUT_RETURN_TYPE = YES_ERROR;
				GCC_WARN_UNDECLARED_SELECTOR = YES;
				GCC_WARN_UNINITIALIZED_AUTOS = YES_AGGRESSIVE;
				GCC_WARN_UNUSED_FUNCTION = YES;
				GCC_WARN_UNUSED_VARIABLE = YES;
				IPHONEOS_DEPLOYMENT_TARGET = 11.0;
				MTL_ENABLE_DEBUG_INFO = NO;
				SDKROOT = iphoneos;
				SWIFT_OPTIMIZATION_LEVEL = "-Owholemodule";
				VALIDATE_PRODUCT = YES;
			};
			name = Release;
		};
		3A0AC1191FD523BB003EDECB /* Debug */ = {
			isa = XCBuildConfiguration;
			baseConfigurationReference = 88BEFB263BE86EEFC7948E15 /* Pods-Griffin.debug.xcconfig */;
			buildSettings = {
				ASSETCATALOG_COMPILER_APPICON_NAME = AppIcon;
				"CODE_SIGN_IDENTITY[sdk=iphoneos*]" = "iPhone Developer";
				CODE_SIGN_STYLE = Manual;
				DEVELOPMENT_TEAM = "";
				INFOPLIST_FILE = Griffin/Info.plist;
				IPHONEOS_DEPLOYMENT_TARGET = 9.0;
				LD_RUNPATH_SEARCH_PATHS = "$(inherited) @executable_path/Frameworks";
				PRODUCT_BUNDLE_IDENTIFIER = com.dornt.com.Griffin;
				PRODUCT_NAME = "$(TARGET_NAME)";
				PROVISIONING_PROFILE_SPECIFIER = "";
				SWIFT_VERSION = 4.0;
				TARGETED_DEVICE_FAMILY = "1,2";
			};
			name = Debug;
		};
		3A0AC11A1FD523BB003EDECB /* Release */ = {
			isa = XCBuildConfiguration;
			baseConfigurationReference = 863DF30B77FC4DFBEF221F70 /* Pods-Griffin.release.xcconfig */;
			buildSettings = {
				ASSETCATALOG_COMPILER_APPICON_NAME = AppIcon;
				"CODE_SIGN_IDENTITY[sdk=iphoneos*]" = "iPhone Developer";
				CODE_SIGN_STYLE = Manual;
				DEVELOPMENT_TEAM = "";
				INFOPLIST_FILE = Griffin/Info.plist;
				IPHONEOS_DEPLOYMENT_TARGET = 9.0;
				LD_RUNPATH_SEARCH_PATHS = "$(inherited) @executable_path/Frameworks";
				PRODUCT_BUNDLE_IDENTIFIER = com.dornt.com.Griffin;
				PRODUCT_NAME = "$(TARGET_NAME)";
				PROVISIONING_PROFILE_SPECIFIER = "";
				SWIFT_VERSION = 4.0;
				TARGETED_DEVICE_FAMILY = "1,2";
			};
			name = Release;
		};
		3A78FA991FF7911700BC6D26 /* Debug */ = {
			isa = XCBuildConfiguration;
			buildSettings = {
				BUNDLE_LOADER = "$(TEST_HOST)";
				CODE_SIGN_STYLE = Automatic;
				DEVELOPMENT_TEAM = W7PLND39DC;
				INFOPLIST_FILE = GriffinTests/Info.plist;
				IPHONEOS_DEPLOYMENT_TARGET = 11.2;
				LD_RUNPATH_SEARCH_PATHS = "$(inherited) @executable_path/Frameworks @loader_path/Frameworks";
				PRODUCT_BUNDLE_IDENTIFIER = com.dornt.com.GriffinTests;
				PRODUCT_NAME = "$(TARGET_NAME)";
				SWIFT_VERSION = 4.0;
				TARGETED_DEVICE_FAMILY = "1,2";
				TEST_HOST = "$(BUILT_PRODUCTS_DIR)/Griffin.app/Griffin";
			};
			name = Debug;
		};
		3A78FA9A1FF7911700BC6D26 /* Release */ = {
			isa = XCBuildConfiguration;
			buildSettings = {
				BUNDLE_LOADER = "$(TEST_HOST)";
				CODE_SIGN_STYLE = Automatic;
				DEVELOPMENT_TEAM = W7PLND39DC;
				INFOPLIST_FILE = GriffinTests/Info.plist;
				IPHONEOS_DEPLOYMENT_TARGET = 11.2;
				LD_RUNPATH_SEARCH_PATHS = "$(inherited) @executable_path/Frameworks @loader_path/Frameworks";
				PRODUCT_BUNDLE_IDENTIFIER = com.dornt.com.GriffinTests;
				PRODUCT_NAME = "$(TARGET_NAME)";
				SWIFT_VERSION = 4.0;
				TARGETED_DEVICE_FAMILY = "1,2";
				TEST_HOST = "$(BUILT_PRODUCTS_DIR)/Griffin.app/Griffin";
			};
			name = Release;
		};
/* End XCBuildConfiguration section */

/* Begin XCConfigurationList section */
		3A0AC1011FD523BB003EDECB /* Build configuration list for PBXProject "Griffin" */ = {
			isa = XCConfigurationList;
			buildConfigurations = (
				3A0AC1161FD523BB003EDECB /* Debug */,
				3A0AC1171FD523BB003EDECB /* Release */,
			);
			defaultConfigurationIsVisible = 0;
			defaultConfigurationName = Release;
		};
		3A0AC1181FD523BB003EDECB /* Build configuration list for PBXNativeTarget "Griffin" */ = {
			isa = XCConfigurationList;
			buildConfigurations = (
				3A0AC1191FD523BB003EDECB /* Debug */,
				3A0AC11A1FD523BB003EDECB /* Release */,
			);
			defaultConfigurationIsVisible = 0;
			defaultConfigurationName = Release;
		};
		3A78FA9B1FF7911700BC6D26 /* Build configuration list for PBXNativeTarget "GriffinTests" */ = {
			isa = XCConfigurationList;
			buildConfigurations = (
				3A78FA991FF7911700BC6D26 /* Debug */,
				3A78FA9A1FF7911700BC6D26 /* Release */,
			);
			defaultConfigurationIsVisible = 0;
			defaultConfigurationName = Release;
		};
/* End XCConfigurationList section */
	};
	rootObject = 3A0AC0FE1FD523BB003EDECB /* Project object */;
}
