// !$*UTF8*$!
{
	archiveVersion = 1;
	classes = {
	};
	objectVersion = 48;
	objects = {

/* Begin PBXBuildFile section */
		3A0AC10A1FD523BB003EDECB /* AppDelegate.swift in Sources */ = {isa = PBXBuildFile; fileRef = 3A0AC1091FD523BB003EDECB /* AppDelegate.swift */; };
		3A0AC10C1FD523BB003EDECB /* ViewController.swift in Sources */ = {isa = PBXBuildFile; fileRef = 3A0AC10B1FD523BB003EDECB /* ViewController.swift */; };
		3A0AC10F1FD523BB003EDECB /* Main.storyboard in Resources */ = {isa = PBXBuildFile; fileRef = 3A0AC10D1FD523BB003EDECB /* Main.storyboard */; };
		3A0AC1111FD523BB003EDECB /* Assets.xcassets in Resources */ = {isa = PBXBuildFile; fileRef = 3A0AC1101FD523BB003EDECB /* Assets.xcassets */; };
		3A0AC1141FD523BB003EDECB /* LaunchScreen.storyboard in Resources */ = {isa = PBXBuildFile; fileRef = 3A0AC1121FD523BB003EDECB /* LaunchScreen.storyboard */; };
		3A0AC1221FD524DB003EDECB /* GriffinSDK.framework in Frameworks */ = {isa = PBXBuildFile; fileRef = 3A0AC1211FD524DB003EDECB /* GriffinSDK.framework */; };
		3A0AC1231FD524DB003EDECB /* GriffinSDK.framework in Embed Frameworks */ = {isa = PBXBuildFile; fileRef = 3A0AC1211FD524DB003EDECB /* GriffinSDK.framework */; settings = {ATTRIBUTES = (CodeSignOnCopy, RemoveHeadersOnCopy, ); }; };
		3A7286A41FDA713B00773C7C /* index.js in Resources */ = {isa = PBXBuildFile; fileRef = 3A7286A31FDA713B00773C7C /* index.js */; };
		DBC78B351FEEA5AF008EE450 /* bundle.js in Resources */ = {isa = PBXBuildFile; fileRef = DBC78B341FEEA5AE008EE450 /* bundle.js */; };
/* End PBXBuildFile section */

/* Begin PBXCopyFilesBuildPhase section */
		3A0AC1241FD524DB003EDECB /* Embed Frameworks */ = {
			isa = PBXCopyFilesBuildPhase;
			buildActionMask = 2147483647;
			dstPath = "";
			dstSubfolderSpec = 10;
			files = (
				3A0AC1231FD524DB003EDECB /* GriffinSDK.framework in Embed Frameworks */,
			);
			name = "Embed Frameworks";
			runOnlyForDeploymentPostprocessing = 0;
		};
/* End PBXCopyFilesBuildPhase section */

/* Begin PBXFileReference section */
		3A0AC1061FD523BB003EDECB /* Griffin.app */ = {isa = PBXFileReference; explicitFileType = wrapper.application; includeInIndex = 0; path = Griffin.app; sourceTree = BUILT_PRODUCTS_DIR; };
		3A0AC1091FD523BB003EDECB /* AppDelegate.swift */ = {isa = PBXFileReference; lastKnownFileType = sourcecode.swift; path = AppDelegate.swift; sourceTree = "<group>"; };
		3A0AC10B1FD523BB003EDECB /* ViewController.swift */ = {isa = PBXFileReference; lastKnownFileType = sourcecode.swift; path = ViewController.swift; sourceTree = "<group>"; };
		3A0AC10E1FD523BB003EDECB /* Base */ = {isa = PBXFileReference; lastKnownFileType = file.storyboard; name = Base; path = Base.lproj/Main.storyboard; sourceTree = "<group>"; };
		3A0AC1101FD523BB003EDECB /* Assets.xcassets */ = {isa = PBXFileReference; lastKnownFileType = folder.assetcatalog; path = Assets.xcassets; sourceTree = "<group>"; };
		3A0AC1131FD523BB003EDECB /* Base */ = {isa = PBXFileReference; lastKnownFileType = file.storyboard; name = Base; path = Base.lproj/LaunchScreen.storyboard; sourceTree = "<group>"; };
		3A0AC1151FD523BB003EDECB /* Info.plist */ = {isa = PBXFileReference; lastKnownFileType = text.plist.xml; path = Info.plist; sourceTree = "<group>"; };
		3A0AC1211FD524DB003EDECB /* GriffinSDK.framework */ = {isa = PBXFileReference; explicitFileType = wrapper.framework; path = GriffinSDK.framework; sourceTree = BUILT_PRODUCTS_DIR; };
		3A7286A31FDA713B00773C7C /* index.js */ = {isa = PBXFileReference; lastKnownFileType = sourcecode.javascript; path = index.js; sourceTree = "<group>"; };
		DBC78B341FEEA5AE008EE450 /* bundle.js */ = {isa = PBXFileReference; fileEncoding = 4; lastKnownFileType = sourcecode.javascript; path = bundle.js; sourceTree = "<group>"; };
/* End PBXFileReference section */

/* Begin PBXFrameworksBuildPhase section */
		3A0AC1031FD523BB003EDECB /* Frameworks */ = {
			isa = PBXFrameworksBuildPhase;
			buildActionMask = 2147483647;
			files = (
				3A0AC1221FD524DB003EDECB /* GriffinSDK.framework in Frameworks */,
			);
			runOnlyForDeploymentPostprocessing = 0;
		};
/* End PBXFrameworksBuildPhase section */

/* Begin PBXGroup section */
		3A0AC0FD1FD523BB003EDECB = {
			isa = PBXGroup;
			children = (
				3A0AC1211FD524DB003EDECB /* GriffinSDK.framework */,
				3A0AC1081FD523BB003EDECB /* Griffin */,
				3A0AC1071FD523BB003EDECB /* Products */,
			);
			sourceTree = "<group>";
		};
		3A0AC1071FD523BB003EDECB /* Products */ = {
			isa = PBXGroup;
			children = (
				3A0AC1061FD523BB003EDECB /* Griffin.app */,
			);
			name = Products;
			sourceTree = "<group>";
		};
		3A0AC1081FD523BB003EDECB /* Griffin */ = {
			isa = PBXGroup;
			children = (
				DBC78B341FEEA5AE008EE450 /* bundle.js */,
				3A7286A31FDA713B00773C7C /* index.js */,
				3A0AC1091FD523BB003EDECB /* AppDelegate.swift */,
				3A0AC10B1FD523BB003EDECB /* ViewController.swift */,
				3A0AC10D1FD523BB003EDECB /* Main.storyboard */,
				3A0AC1101FD523BB003EDECB /* Assets.xcassets */,
				3A0AC1121FD523BB003EDECB /* LaunchScreen.storyboard */,
				3A0AC1151FD523BB003EDECB /* Info.plist */,
			);
			path = Griffin;
			sourceTree = "<group>";
		};
/* End PBXGroup section */

/* Begin PBXNativeTarget section */
		3A0AC1051FD523BB003EDECB /* Griffin */ = {
			isa = PBXNativeTarget;
			buildConfigurationList = 3A0AC1181FD523BB003EDECB /* Build configuration list for PBXNativeTarget "Griffin" */;
			buildPhases = (
				3A0AC1021FD523BB003EDECB /* Sources */,
				3A0AC1031FD523BB003EDECB /* Frameworks */,
				3A0AC1041FD523BB003EDECB /* Resources */,
				3A0AC1241FD524DB003EDECB /* Embed Frameworks */,
			);
			buildRules = (
			);
			dependencies = (
			);
			name = Griffin;
			productName = Griffin;
			productReference = 3A0AC1061FD523BB003EDECB /* Griffin.app */;
			productType = "com.apple.product-type.application";
		};
/* End PBXNativeTarget section */

/* Begin PBXProject section */
		3A0AC0FE1FD523BB003EDECB /* Project object */ = {
			isa = PBXProject;
			attributes = {
				LastSwiftUpdateCheck = 0900;
				LastUpgradeCheck = 0900;
				ORGANIZATIONNAME = "裴韬";
				TargetAttributes = {
					3A0AC1051FD523BB003EDECB = {
						CreatedOnToolsVersion = 9.0;
						ProvisioningStyle = Manual;
					};
				};
			};
			buildConfigurationList = 3A0AC1011FD523BB003EDECB /* Build configuration list for PBXProject "Griffin" */;
			compatibilityVersion = "Xcode 8.0";
			developmentRegion = en;
			hasScannedForEncodings = 0;
			knownRegions = (
				en,
				Base,
			);
			mainGroup = 3A0AC0FD1FD523BB003EDECB;
			productRefGroup = 3A0AC1071FD523BB003EDECB /* Products */;
			projectDirPath = "";
			projectRoot = "";
			targets = (
				3A0AC1051FD523BB003EDECB /* Griffin */,
			);
		};
/* End PBXProject section */

/* Begin PBXResourcesBuildPhase section */
		3A0AC1041FD523BB003EDECB /* Resources */ = {
			isa = PBXResourcesBuildPhase;
			buildActionMask = 2147483647;
			files = (
				3A0AC1141FD523BB003EDECB /* LaunchScreen.storyboard in Resources */,
				3A0AC1111FD523BB003EDECB /* Assets.xcassets in Resources */,
				DBC78B351FEEA5AF008EE450 /* bundle.js in Resources */,
				3A0AC10F1FD523BB003EDECB /* Main.storyboard in Resources */,
				3A7286A41FDA713B00773C7C /* index.js in Resources */,
			);
			runOnlyForDeploymentPostprocessing = 0;
		};
/* End PBXResourcesBuildPhase section */

/* Begin PBXSourcesBuildPhase section */
		3A0AC1021FD523BB003EDECB /* Sources */ = {
			isa = PBXSourcesBuildPhase;
			buildActionMask = 2147483647;
			files = (
				3A0AC10C1FD523BB003EDECB /* ViewController.swift in Sources */,
				3A0AC10A1FD523BB003EDECB /* AppDelegate.swift in Sources */,
			);
			runOnlyForDeploymentPostprocessing = 0;
		};
/* End PBXSourcesBuildPhase section */

/* Begin PBXVariantGroup section */
		3A0AC10D1FD523BB003EDECB /* Main.storyboard */ = {
			isa = PBXVariantGroup;
			children = (
				3A0AC10E1FD523BB003EDECB /* Base */,
			);
			name = Main.storyboard;
			sourceTree = "<group>";
		};
		3A0AC1121FD523BB003EDECB /* LaunchScreen.storyboard */ = {
			isa = PBXVariantGroup;
			children = (
				3A0AC1131FD523BB003EDECB /* Base */,
			);
			name = LaunchScreen.storyboard;
			sourceTree = "<group>";
		};
/* End PBXVariantGroup section */

/* Begin XCBuildConfiguration section */
		3A0AC1161FD523BB003EDECB /* Debug */ = {
			isa = XCBuildConfiguration;
			buildSettings = {
				ALWAYS_SEARCH_USER_PATHS = NO;
				CLANG_ANALYZER_NONNULL = YES;
				CLANG_ANALYZER_NUMBER_OBJECT_CONVERSION = YES_AGGRESSIVE;
				CLANG_CXX_LANGUAGE_STANDARD = "gnu++14";
				CLANG_CXX_LIBRARY = "libc++";
				CLANG_ENABLE_MODULES = YES;
				CLANG_ENABLE_OBJC_ARC = YES;
				CLANG_WARN_BLOCK_CAPTURE_AUTORELEASING = YES;
				CLANG_WARN_BOOL_CONVERSION = YES;
				CLANG_WARN_COMMA = YES;
				CLANG_WARN_CONSTANT_CONVERSION = YES;
				CLANG_WARN_DIRECT_OBJC_ISA_USAGE = YES_ERROR;
				CLANG_WARN_DOCUMENTATION_COMMENTS = YES;
				CLANG_WARN_EMPTY_BODY = YES;
				CLANG_WARN_ENUM_CONVERSION = YES;
				CLANG_WARN_INFINITE_RECURSION = YES;
				CLANG_WARN_INT_CONVERSION = YES;
				CLANG_WARN_NON_LITERAL_NULL_CONVERSION = YES;
				CLANG_WARN_OBJC_LITERAL_CONVERSION = YES;
				CLANG_WARN_OBJC_ROOT_CLASS = YES_ERROR;
				CLANG_WARN_RANGE_LOOP_ANALYSIS = YES;
				CLANG_WARN_STRICT_PROTOTYPES = YES;
				CLANG_WARN_SUSPICIOUS_MOVE = YES;
				CLANG_WARN_UNGUARDED_AVAILABILITY = YES_AGGRESSIVE;
				CLANG_WARN_UNREACHABLE_CODE = YES;
				CLANG_WARN__DUPLICATE_METHOD_MATCH = YES;
				CODE_SIGN_IDENTITY = "iPhone Developer";
				COPY_PHASE_STRIP = NO;
				DEBUG_INFORMATION_FORMAT = dwarf;
				ENABLE_STRICT_OBJC_MSGSEND = YES;
				ENABLE_TESTABILITY = YES;
				GCC_C_LANGUAGE_STANDARD = gnu11;
				GCC_DYNAMIC_NO_PIC = NO;
				GCC_NO_COMMON_BLOCKS = YES;
				GCC_OPTIMIZATION_LEVEL = 0;
				GCC_PREPROCESSOR_DEFINITIONS = (
					"DEBUG=1",
					"$(inherited)",
				);
				GCC_WARN_64_TO_32_BIT_CONVERSION = YES;
				GCC_WARN_ABOUT_RETURN_TYPE = YES_ERROR;
				GCC_WARN_UNDECLARED_SELECTOR = YES;
				GCC_WARN_UNINITIALIZED_AUTOS = YES_AGGRESSIVE;
				GCC_WARN_UNUSED_FUNCTION = YES;
				GCC_WARN_UNUSED_VARIABLE = YES;
				IPHONEOS_DEPLOYMENT_TARGET = 11.0;
				MTL_ENABLE_DEBUG_INFO = YES;
				ONLY_ACTIVE_ARCH = YES;
				SDKROOT = iphoneos;
				SWIFT_ACTIVE_COMPILATION_CONDITIONS = DEBUG;
				SWIFT_OPTIMIZATION_LEVEL = "-Onone";
			};
			name = Debug;
		};
		3A0AC1171FD523BB003EDECB /* Release */ = {
			isa = XCBuildConfiguration;
			buildSettings = {
				ALWAYS_SEARCH_USER_PATHS = NO;
				CLANG_ANALYZER_NONNULL = YES;
				CLANG_ANALYZER_NUMBER_OBJECT_CONVERSION = YES_AGGRESSIVE;
				CLANG_CXX_LANGUAGE_STANDARD = "gnu++14";
				CLANG_CXX_LIBRARY = "libc++";
				CLANG_ENABLE_MODULES = YES;
				CLANG_ENABLE_OBJC_ARC = YES;
				CLANG_WARN_BLOCK_CAPTURE_AUTORELEASING = YES;
				CLANG_WARN_BOOL_CONVERSION = YES;
				CLANG_WARN_COMMA = YES;
				CLANG_WARN_CONSTANT_CONVERSION = YES;
				CLANG_WARN_DIRECT_OBJC_ISA_USAGE = YES_ERROR;
				CLANG_WARN_DOCUMENTATION_COMMENTS = YES;
				CLANG_WARN_EMPTY_BODY = YES;
				CLANG_WARN_ENUM_CONVERSION = YES;
				CLANG_WARN_INFINITE_RECURSION = YES;
				CLANG_WARN_INT_CONVERSION = YES;
				CLANG_WARN_NON_LITERAL_NULL_CONVERSION = YES;
				CLANG_WARN_OBJC_LITERAL_CONVERSION = YES;
				CLANG_WARN_OBJC_ROOT_CLASS = YES_ERROR;
				CLANG_WARN_RANGE_LOOP_ANALYSIS = YES;
				CLANG_WARN_STRICT_PROTOTYPES = YES;
				CLANG_WARN_SUSPICIOUS_MOVE = YES;
				CLANG_WARN_UNGUARDED_AVAILABILITY = YES_AGGRESSIVE;
				CLANG_WARN_UNREACHABLE_CODE = YES;
				CLANG_WARN__DUPLICATE_METHOD_MATCH = YES;
				CODE_SIGN_IDENTITY = "iPhone Developer";
				COPY_PHASE_STRIP = NO;
				DEBUG_INFORMATION_FORMAT = "dwarf-with-dsym";
				ENABLE_NS_ASSERTIONS = NO;
				ENABLE_STRICT_OBJC_MSGSEND = YES;
				GCC_C_LANGUAGE_STANDARD = gnu11;
				GCC_NO_COMMON_BLOCKS = YES;
				GCC_WARN_64_TO_32_BIT_CONVERSION = YES;
				GCC_WARN_ABOUT_RETURN_TYPE = YES_ERROR;
				GCC_WARN_UNDECLARED_SELECTOR = YES;
				GCC_WARN_UNINITIALIZED_AUTOS = YES_AGGRESSIVE;
				GCC_WARN_UNUSED_FUNCTION = YES;
				GCC_WARN_UNUSED_VARIABLE = YES;
				IPHONEOS_DEPLOYMENT_TARGET = 11.0;
				MTL_ENABLE_DEBUG_INFO = NO;
				SDKROOT = iphoneos;
				SWIFT_OPTIMIZATION_LEVEL = "-Owholemodule";
				VALIDATE_PRODUCT = YES;
			};
			name = Release;
		};
		3A0AC1191FD523BB003EDECB /* Debug */ = {
			isa = XCBuildConfiguration;
			buildSettings = {
				ASSETCATALOG_COMPILER_APPICON_NAME = AppIcon;
				CODE_SIGN_STYLE = Manual;
				DEVELOPMENT_TEAM = "";
				INFOPLIST_FILE = Griffin/Info.plist;
				IPHONEOS_DEPLOYMENT_TARGET = 9.0;
				LD_RUNPATH_SEARCH_PATHS = "$(inherited) @executable_path/Frameworks";
				PRODUCT_BUNDLE_IDENTIFIER = com.dornt.com.Griffin;
				PRODUCT_NAME = "$(TARGET_NAME)";
				PROVISIONING_PROFILE_SPECIFIER = "";
				SWIFT_VERSION = 4.0;
				TARGETED_DEVICE_FAMILY = "1,2";
			};
			name = Debug;
		};
		3A0AC11A1FD523BB003EDECB /* Release */ = {
			isa = XCBuildConfiguration;
			buildSettings = {
				ASSETCATALOG_COMPILER_APPICON_NAME = AppIcon;
				CODE_SIGN_STYLE = Manual;
				DEVELOPMENT_TEAM = "";
				INFOPLIST_FILE = Griffin/Info.plist;
				IPHONEOS_DEPLOYMENT_TARGET = 9.0;
				LD_RUNPATH_SEARCH_PATHS = "$(inherited) @executable_path/Frameworks";
				PRODUCT_BUNDLE_IDENTIFIER = com.dornt.com.Griffin;
				PRODUCT_NAME = "$(TARGET_NAME)";
				PROVISIONING_PROFILE_SPECIFIER = "";
				SWIFT_VERSION = 4.0;
				TARGETED_DEVICE_FAMILY = "1,2";
			};
			name = Release;
		};
/* End XCBuildConfiguration section */

/* Begin XCConfigurationList section */
		3A0AC1011FD523BB003EDECB /* Build configuration list for PBXProject "Griffin" */ = {
			isa = XCConfigurationList;
			buildConfigurations = (
				3A0AC1161FD523BB003EDECB /* Debug */,
				3A0AC1171FD523BB003EDECB /* Release */,
			);
			defaultConfigurationIsVisible = 0;
			defaultConfigurationName = Release;
		};
		3A0AC1181FD523BB003EDECB /* Build configuration list for PBXNativeTarget "Griffin" */ = {
			isa = XCConfigurationList;
			buildConfigurations = (
				3A0AC1191FD523BB003EDECB /* Debug */,
				3A0AC11A1FD523BB003EDECB /* Release */,
			);
			defaultConfigurationIsVisible = 0;
			defaultConfigurationName = Release;
		};
/* End XCConfigurationList section */
	};
	rootObject = 3A0AC0FE1FD523BB003EDECB /* Project object */;
}
